// !$*UTF8*$!
{
	archiveVersion = 1;
	classes = {
	};
	objectVersion = 56;
	objects = {

/* Begin PBXBuildFile section */
		39A08757294F8403006F2191 /* DetailsViewController.swift in Sources */ = {isa = PBXBuildFile; fileRef = 39A08756294F8403006F2191 /* DetailsViewController.swift */; };
		39A08759294F84FE006F2191 /* DetailsView.swift in Sources */ = {isa = PBXBuildFile; fileRef = 39A08758294F84FE006F2191 /* DetailsView.swift */; };
		39F71D90294F2C0800F00C21 /* AppDelegate.swift in Sources */ = {isa = PBXBuildFile; fileRef = 39F71D8F294F2C0800F00C21 /* AppDelegate.swift */; };
		39F71D92294F2C0800F00C21 /* SceneDelegate.swift in Sources */ = {isa = PBXBuildFile; fileRef = 39F71D91294F2C0800F00C21 /* SceneDelegate.swift */; };
		39F71D94294F2C0800F00C21 /* ViewController.swift in Sources */ = {isa = PBXBuildFile; fileRef = 39F71D93294F2C0800F00C21 /* ViewController.swift */; };
		39F71D97294F2C0800F00C21 /* Main.storyboard in Resources */ = {isa = PBXBuildFile; fileRef = 39F71D95294F2C0800F00C21 /* Main.storyboard */; };
		39F71D99294F2C0A00F00C21 /* Assets.xcassets in Resources */ = {isa = PBXBuildFile; fileRef = 39F71D98294F2C0A00F00C21 /* Assets.xcassets */; };
		39F71D9C294F2C0A00F00C21 /* LaunchScreen.storyboard in Resources */ = {isa = PBXBuildFile; fileRef = 39F71D9A294F2C0A00F00C21 /* LaunchScreen.storyboard */; };
		39F71DA4294F2D3000F00C21 /* NetworkError.swift in Sources */ = {isa = PBXBuildFile; fileRef = 39F71DA3294F2D3000F00C21 /* NetworkError.swift */; };
		39F71DA7294F2E7100F00C21 /* APIRequest.swift in Sources */ = {isa = PBXBuildFile; fileRef = 39F71DA6294F2E7100F00C21 /* APIRequest.swift */; };
		39F71DA9294F309400F00C21 /* NetworkRequest.swift in Sources */ = {isa = PBXBuildFile; fileRef = 39F71DA8294F309400F00C21 /* NetworkRequest.swift */; };
		39F71DAB294F312700F00C21 /* Constants.swift in Sources */ = {isa = PBXBuildFile; fileRef = 39F71DAA294F312700F00C21 /* Constants.swift */; };
		39F71DAD294F336F00F00C21 /* Requester.swift in Sources */ = {isa = PBXBuildFile; fileRef = 39F71DAC294F336F00F00C21 /* Requester.swift */; };
		39F71DB0294F358D00F00C21 /* MovieList.swift in Sources */ = {isa = PBXBuildFile; fileRef = 39F71DAF294F358D00F00C21 /* MovieList.swift */; };
		39F71DB4294F362800F00C21 /* MoviesRepositoryProtocol.swift in Sources */ = {isa = PBXBuildFile; fileRef = 39F71DB3294F362800F00C21 /* MoviesRepositoryProtocol.swift */; };
		39F71DB6294F369D00F00C21 /* MoviesRepository.swift in Sources */ = {isa = PBXBuildFile; fileRef = 39F71DB5294F369D00F00C21 /* MoviesRepository.swift */; };
		39F71DB8294F370200F00C21 /* MoviesRequest.swift in Sources */ = {isa = PBXBuildFile; fileRef = 39F71DB7294F370200F00C21 /* MoviesRequest.swift */; };
		39F71DBA294F3A0400F00C21 /* MovieDetails.swift in Sources */ = {isa = PBXBuildFile; fileRef = 39F71DB9294F3A0400F00C21 /* MovieDetails.swift */; };
		39F71DBC294F3F0D00F00C21 /* ResultResponse.swift in Sources */ = {isa = PBXBuildFile; fileRef = 39F71DBB294F3F0D00F00C21 /* ResultResponse.swift */; };
		39F71DC0294F69B200F00C21 /* UIView+Ext.swift in Sources */ = {isa = PBXBuildFile; fileRef = 39F71DBF294F69B200F00C21 /* UIView+Ext.swift */; };
		39F71DC2294F6B7000F00C21 /* UIImageView+Ext.swift in Sources */ = {isa = PBXBuildFile; fileRef = 39F71DC1294F6B7000F00C21 /* UIImageView+Ext.swift */; };
		39F71DC3294F746300F00C21 /* MovieTableViewCell.swift in Sources */ = {isa = PBXBuildFile; fileRef = 39F71DBD294F68A700F00C21 /* MovieTableViewCell.swift */; };
/* End PBXBuildFile section */

/* Begin PBXFileReference section */
		39A08756294F8403006F2191 /* DetailsViewController.swift */ = {isa = PBXFileReference; lastKnownFileType = sourcecode.swift; path = DetailsViewController.swift; sourceTree = "<group>"; };
		39A08758294F84FE006F2191 /* DetailsView.swift */ = {isa = PBXFileReference; lastKnownFileType = sourcecode.swift; path = DetailsView.swift; sourceTree = "<group>"; };
		39F71D8C294F2C0800F00C21 /* APIRequestTest.app */ = {isa = PBXFileReference; explicitFileType = wrapper.application; includeInIndex = 0; path = APIRequestTest.app; sourceTree = BUILT_PRODUCTS_DIR; };
		39F71D8F294F2C0800F00C21 /* AppDelegate.swift */ = {isa = PBXFileReference; lastKnownFileType = sourcecode.swift; path = AppDelegate.swift; sourceTree = "<group>"; };
		39F71D91294F2C0800F00C21 /* SceneDelegate.swift */ = {isa = PBXFileReference; lastKnownFileType = sourcecode.swift; path = SceneDelegate.swift; sourceTree = "<group>"; };
		39F71D93294F2C0800F00C21 /* ViewController.swift */ = {isa = PBXFileReference; lastKnownFileType = sourcecode.swift; path = ViewController.swift; sourceTree = "<group>"; };
		39F71D96294F2C0800F00C21 /* Base */ = {isa = PBXFileReference; lastKnownFileType = file.storyboard; name = Base; path = Base.lproj/Main.storyboard; sourceTree = "<group>"; };
		39F71D98294F2C0A00F00C21 /* Assets.xcassets */ = {isa = PBXFileReference; lastKnownFileType = folder.assetcatalog; path = Assets.xcassets; sourceTree = "<group>"; };
		39F71D9B294F2C0A00F00C21 /* Base */ = {isa = PBXFileReference; lastKnownFileType = file.storyboard; name = Base; path = Base.lproj/LaunchScreen.storyboard; sourceTree = "<group>"; };
		39F71D9D294F2C0A00F00C21 /* Info.plist */ = {isa = PBXFileReference; lastKnownFileType = text.plist.xml; path = Info.plist; sourceTree = "<group>"; };
		39F71DA3294F2D3000F00C21 /* NetworkError.swift */ = {isa = PBXFileReference; lastKnownFileType = sourcecode.swift; path = NetworkError.swift; sourceTree = "<group>"; };
		39F71DA6294F2E7100F00C21 /* APIRequest.swift */ = {isa = PBXFileReference; lastKnownFileType = sourcecode.swift; path = APIRequest.swift; sourceTree = "<group>"; };
		39F71DA8294F309400F00C21 /* NetworkRequest.swift */ = {isa = PBXFileReference; lastKnownFileType = sourcecode.swift; path = NetworkRequest.swift; sourceTree = "<group>"; };
		39F71DAA294F312700F00C21 /* Constants.swift */ = {isa = PBXFileReference; lastKnownFileType = sourcecode.swift; path = Constants.swift; sourceTree = "<group>"; };
		39F71DAC294F336F00F00C21 /* Requester.swift */ = {isa = PBXFileReference; lastKnownFileType = sourcecode.swift; path = Requester.swift; sourceTree = "<group>"; };
		39F71DAF294F358D00F00C21 /* MovieList.swift */ = {isa = PBXFileReference; lastKnownFileType = sourcecode.swift; path = MovieList.swift; sourceTree = "<group>"; };
		39F71DB3294F362800F00C21 /* MoviesRepositoryProtocol.swift */ = {isa = PBXFileReference; lastKnownFileType = sourcecode.swift; path = MoviesRepositoryProtocol.swift; sourceTree = "<group>"; };
		39F71DB5294F369D00F00C21 /* MoviesRepository.swift */ = {isa = PBXFileReference; lastKnownFileType = sourcecode.swift; path = MoviesRepository.swift; sourceTree = "<group>"; };
		39F71DB7294F370200F00C21 /* MoviesRequest.swift */ = {isa = PBXFileReference; lastKnownFileType = sourcecode.swift; path = MoviesRequest.swift; sourceTree = "<group>"; };
		39F71DB9294F3A0400F00C21 /* MovieDetails.swift */ = {isa = PBXFileReference; lastKnownFileType = sourcecode.swift; path = MovieDetails.swift; sourceTree = "<group>"; };
		39F71DBB294F3F0D00F00C21 /* ResultResponse.swift */ = {isa = PBXFileReference; lastKnownFileType = sourcecode.swift; path = ResultResponse.swift; sourceTree = "<group>"; };
		39F71DBD294F68A700F00C21 /* MovieTableViewCell.swift */ = {isa = PBXFileReference; lastKnownFileType = sourcecode.swift; path = MovieTableViewCell.swift; sourceTree = "<group>"; };
		39F71DBF294F69B200F00C21 /* UIView+Ext.swift */ = {isa = PBXFileReference; lastKnownFileType = sourcecode.swift; path = "UIView+Ext.swift"; sourceTree = "<group>"; };
		39F71DC1294F6B7000F00C21 /* UIImageView+Ext.swift */ = {isa = PBXFileReference; lastKnownFileType = sourcecode.swift; path = "UIImageView+Ext.swift"; sourceTree = "<group>"; };
/* End PBXFileReference section */

/* Begin PBXFrameworksBuildPhase section */
		39F71D89294F2C0800F00C21 /* Frameworks */ = {
			isa = PBXFrameworksBuildPhase;
			buildActionMask = 2147483647;
			files = (
			);
			runOnlyForDeploymentPostprocessing = 0;
		};
/* End PBXFrameworksBuildPhase section */

/* Begin PBXGroup section */
		39F71D83294F2C0800F00C21 = {
			isa = PBXGroup;
			children = (
				39F71D8E294F2C0800F00C21 /* APIRequestTest */,
				39F71D8D294F2C0800F00C21 /* Products */,
			);
			sourceTree = "<group>";
		};
		39F71D8D294F2C0800F00C21 /* Products */ = {
			isa = PBXGroup;
			children = (
				39F71D8C294F2C0800F00C21 /* APIRequestTest.app */,
			);
			name = Products;
			sourceTree = "<group>";
		};
		39F71D8E294F2C0800F00C21 /* APIRequestTest */ = {
			isa = PBXGroup;
			children = (
				39F71DB1294F35D800F00C21 /* Repositories */,
				39F71DAE294F357700F00C21 /* Entity */,
				39F71DA5294F2DFB00F00C21 /* API */,
				39F71D8F294F2C0800F00C21 /* AppDelegate.swift */,
				39F71D91294F2C0800F00C21 /* SceneDelegate.swift */,
				39F71D93294F2C0800F00C21 /* ViewController.swift */,
				39F71D95294F2C0800F00C21 /* Main.storyboard */,
				39F71DBD294F68A700F00C21 /* MovieTableViewCell.swift */,
				39F71DBF294F69B200F00C21 /* UIView+Ext.swift */,
				39F71DC1294F6B7000F00C21 /* UIImageView+Ext.swift */,
				39A08756294F8403006F2191 /* DetailsViewController.swift */,
				39A08758294F84FE006F2191 /* DetailsView.swift */,
				39F71D98294F2C0A00F00C21 /* Assets.xcassets */,
				39F71D9A294F2C0A00F00C21 /* LaunchScreen.storyboard */,
				39F71D9D294F2C0A00F00C21 /* Info.plist */,
			);
			path = APIRequestTest;
			sourceTree = "<group>";
		};
		39F71DA5294F2DFB00F00C21 /* API */ = {
			isa = PBXGroup;
			children = (
				39F71DA3294F2D3000F00C21 /* NetworkError.swift */,
				39F71DA6294F2E7100F00C21 /* APIRequest.swift */,
				39F71DA8294F309400F00C21 /* NetworkRequest.swift */,
				39F71DAA294F312700F00C21 /* Constants.swift */,
				39F71DAC294F336F00F00C21 /* Requester.swift */,
				39F71DBB294F3F0D00F00C21 /* ResultResponse.swift */,
			);
			path = API;
			sourceTree = "<group>";
		};
		39F71DAE294F357700F00C21 /* Entity */ = {
			isa = PBXGroup;
			children = (
				39F71DAF294F358D00F00C21 /* MovieList.swift */,
				39F71DB9294F3A0400F00C21 /* MovieDetails.swift */,
			);
			path = Entity;
			sourceTree = "<group>";
		};
		39F71DB1294F35D800F00C21 /* Repositories */ = {
			isa = PBXGroup;
			children = (
				39F71DB2294F35E400F00C21 /* Movies */,
			);
			path = Repositories;
			sourceTree = "<group>";
		};
		39F71DB2294F35E400F00C21 /* Movies */ = {
			isa = PBXGroup;
			children = (
				39F71DB3294F362800F00C21 /* MoviesRepositoryProtocol.swift */,
				39F71DB5294F369D00F00C21 /* MoviesRepository.swift */,
				39F71DB7294F370200F00C21 /* MoviesRequest.swift */,
			);
			path = Movies;
			sourceTree = "<group>";
		};
/* End PBXGroup section */

/* Begin PBXNativeTarget section */
		39F71D8B294F2C0800F00C21 /* APIRequestTest */ = {
			isa = PBXNativeTarget;
			buildConfigurationList = 39F71DA0294F2C0A00F00C21 /* Build configuration list for PBXNativeTarget "APIRequestTest" */;
			buildPhases = (
				39F71D88294F2C0800F00C21 /* Sources */,
				39F71D89294F2C0800F00C21 /* Frameworks */,
				39F71D8A294F2C0800F00C21 /* Resources */,
			);
			buildRules = (
			);
			dependencies = (
			);
			name = APIRequestTest;
			productName = APIRequestTest;
			productReference = 39F71D8C294F2C0800F00C21 /* APIRequestTest.app */;
			productType = "com.apple.product-type.application";
		};
/* End PBXNativeTarget section */

/* Begin PBXProject section */
		39F71D84294F2C0800F00C21 /* Project object */ = {
			isa = PBXProject;
			attributes = {
				BuildIndependentTargetsInParallel = 1;
				LastSwiftUpdateCheck = 1400;
				LastUpgradeCheck = 1400;
				TargetAttributes = {
					39F71D8B294F2C0800F00C21 = {
						CreatedOnToolsVersion = 14.0.1;
					};
				};
			};
			buildConfigurationList = 39F71D87294F2C0800F00C21 /* Build configuration list for PBXProject "APIRequestTest" */;
			compatibilityVersion = "Xcode 14.0";
			developmentRegion = en;
			hasScannedForEncodings = 0;
			knownRegions = (
				en,
				Base,
			);
			mainGroup = 39F71D83294F2C0800F00C21;
			productRefGroup = 39F71D8D294F2C0800F00C21 /* Products */;
			projectDirPath = "";
			projectRoot = "";
			targets = (
				39F71D8B294F2C0800F00C21 /* APIRequestTest */,
			);
		};
/* End PBXProject section */

/* Begin PBXResourcesBuildPhase section */
		39F71D8A294F2C0800F00C21 /* Resources */ = {
			isa = PBXResourcesBuildPhase;
			buildActionMask = 2147483647;
			files = (
				39F71D9C294F2C0A00F00C21 /* LaunchScreen.storyboard in Resources */,
				39F71D99294F2C0A00F00C21 /* Assets.xcassets in Resources */,
				39F71D97294F2C0800F00C21 /* Main.storyboard in Resources */,
			);
			runOnlyForDeploymentPostprocessing = 0;
		};
/* End PBXResourcesBuildPhase section */

/* Begin PBXSourcesBuildPhase section */
		39F71D88294F2C0800F00C21 /* Sources */ = {
			isa = PBXSourcesBuildPhase;
			buildActionMask = 2147483647;
			files = (
				39F71DC3294F746300F00C21 /* MovieTableViewCell.swift in Sources */,
				39A08759294F84FE006F2191 /* DetailsView.swift in Sources */,
				39F71DC0294F69B200F00C21 /* UIView+Ext.swift in Sources */,
				39F71DB0294F358D00F00C21 /* MovieList.swift in Sources */,
				39F71DC2294F6B7000F00C21 /* UIImageView+Ext.swift in Sources */,
				39F71D94294F2C0800F00C21 /* ViewController.swift in Sources */,
				39F71DB8294F370200F00C21 /* MoviesRequest.swift in Sources */,
				39F71DA4294F2D3000F00C21 /* NetworkError.swift in Sources */,
				39F71DBA294F3A0400F00C21 /* MovieDetails.swift in Sources */,
				39F71DB6294F369D00F00C21 /* MoviesRepository.swift in Sources */,
				39F71DAD294F336F00F00C21 /* Requester.swift in Sources */,
				39F71D90294F2C0800F00C21 /* AppDelegate.swift in Sources */,
				39A08757294F8403006F2191 /* DetailsViewController.swift in Sources */,
				39F71DA7294F2E7100F00C21 /* APIRequest.swift in Sources */,
				39F71DBC294F3F0D00F00C21 /* ResultResponse.swift in Sources */,
				39F71DB4294F362800F00C21 /* MoviesRepositoryProtocol.swift in Sources */,
				39F71DAB294F312700F00C21 /* Constants.swift in Sources */,
				39F71DA9294F309400F00C21 /* NetworkRequest.swift in Sources */,
				39F71D92294F2C0800F00C21 /* SceneDelegate.swift in Sources */,
			);
			runOnlyForDeploymentPostprocessing = 0;
		};
/* End PBXSourcesBuildPhase section */

/* Begin PBXVariantGroup section */
		39F71D95294F2C0800F00C21 /* Main.storyboard */ = {
			isa = PBXVariantGroup;
			children = (
				39F71D96294F2C0800F00C21 /* Base */,
			);
			name = Main.storyboard;
			sourceTree = "<group>";
		};
		39F71D9A294F2C0A00F00C21 /* LaunchScreen.storyboard */ = {
			isa = PBXVariantGroup;
			children = (
				39F71D9B294F2C0A00F00C21 /* Base */,
			);
			name = LaunchScreen.storyboard;
			sourceTree = "<group>";
		};
/* End PBXVariantGroup section */

/* Begin XCBuildConfiguration section */
		39F71D9E294F2C0A00F00C21 /* Debug */ = {
			isa = XCBuildConfiguration;
			buildSettings = {
				ALWAYS_SEARCH_USER_PATHS = NO;
				CLANG_ANALYZER_NONNULL = YES;
				CLANG_ANALYZER_NUMBER_OBJECT_CONVERSION = YES_AGGRESSIVE;
				CLANG_CXX_LANGUAGE_STANDARD = "gnu++20";
				CLANG_ENABLE_MODULES = YES;
				CLANG_ENABLE_OBJC_ARC = YES;
				CLANG_ENABLE_OBJC_WEAK = YES;
				CLANG_WARN_BLOCK_CAPTURE_AUTORELEASING = YES;
				CLANG_WARN_BOOL_CONVERSION = YES;
				CLANG_WARN_COMMA = YES;
				CLANG_WARN_CONSTANT_CONVERSION = YES;
				CLANG_WARN_DEPRECATED_OBJC_IMPLEMENTATIONS = YES;
				CLANG_WARN_DIRECT_OBJC_ISA_USAGE = YES_ERROR;
				CLANG_WARN_DOCUMENTATION_COMMENTS = YES;
				CLANG_WARN_EMPTY_BODY = YES;
				CLANG_WARN_ENUM_CONVERSION = YES;
				CLANG_WARN_INFINITE_RECURSION = YES;
				CLANG_WARN_INT_CONVERSION = YES;
				CLANG_WARN_NON_LITERAL_NULL_CONVERSION = YES;
				CLANG_WARN_OBJC_IMPLICIT_RETAIN_SELF = YES;
				CLANG_WARN_OBJC_LITERAL_CONVERSION = YES;
				CLANG_WARN_OBJC_ROOT_CLASS = YES_ERROR;
				CLANG_WARN_QUOTED_INCLUDE_IN_FRAMEWORK_HEADER = YES;
				CLANG_WARN_RANGE_LOOP_ANALYSIS = YES;
				CLANG_WARN_STRICT_PROTOTYPES = YES;
				CLANG_WARN_SUSPICIOUS_MOVE = YES;
				CLANG_WARN_UNGUARDED_AVAILABILITY = YES_AGGRESSIVE;
				CLANG_WARN_UNREACHABLE_CODE = YES;
				CLANG_WARN__DUPLICATE_METHOD_MATCH = YES;
				COPY_PHASE_STRIP = NO;
				DEBUG_INFORMATION_FORMAT = dwarf;
				ENABLE_STRICT_OBJC_MSGSEND = YES;
				ENABLE_TESTABILITY = YES;
				GCC_C_LANGUAGE_STANDARD = gnu11;
				GCC_DYNAMIC_NO_PIC = NO;
				GCC_NO_COMMON_BLOCKS = YES;
				GCC_OPTIMIZATION_LEVEL = 0;
				GCC_PREPROCESSOR_DEFINITIONS = (
					"DEBUG=1",
					"$(inherited)",
				);
				GCC_WARN_64_TO_32_BIT_CONVERSION = YES;
				GCC_WARN_ABOUT_RETURN_TYPE = YES_ERROR;
				GCC_WARN_UNDECLARED_SELECTOR = YES;
				GCC_WARN_UNINITIALIZED_AUTOS = YES_AGGRESSIVE;
				GCC_WARN_UNUSED_FUNCTION = YES;
				GCC_WARN_UNUSED_VARIABLE = YES;
				IPHONEOS_DEPLOYMENT_TARGET = 16.0;
				MTL_ENABLE_DEBUG_INFO = INCLUDE_SOURCE;
				MTL_FAST_MATH = YES;
				ONLY_ACTIVE_ARCH = YES;
				SDKROOT = iphoneos;
				SWIFT_ACTIVE_COMPILATION_CONDITIONS = DEBUG;
				SWIFT_OPTIMIZATION_LEVEL = "-Onone";
			};
			name = Debug;
		};
		39F71D9F294F2C0A00F00C21 /* Release */ = {
			isa = XCBuildConfiguration;
			buildSettings = {
				ALWAYS_SEARCH_USER_PATHS = NO;
				CLANG_ANALYZER_NONNULL = YES;
				CLANG_ANALYZER_NUMBER_OBJECT_CONVERSION = YES_AGGRESSIVE;
				CLANG_CXX_LANGUAGE_STANDARD = "gnu++20";
				CLANG_ENABLE_MODULES = YES;
				CLANG_ENABLE_OBJC_ARC = YES;
				CLANG_ENABLE_OBJC_WEAK = YES;
				CLANG_WARN_BLOCK_CAPTURE_AUTORELEASING = YES;
				CLANG_WARN_BOOL_CONVERSION = YES;
				CLANG_WARN_COMMA = YES;
				CLANG_WARN_CONSTANT_CONVERSION = YES;
				CLANG_WARN_DEPRECATED_OBJC_IMPLEMENTATIONS = YES;
				CLANG_WARN_DIRECT_OBJC_ISA_USAGE = YES_ERROR;
				CLANG_WARN_DOCUMENTATION_COMMENTS = YES;
				CLANG_WARN_EMPTY_BODY = YES;
				CLANG_WARN_ENUM_CONVERSION = YES;
				CLANG_WARN_INFINITE_RECURSION = YES;
				CLANG_WARN_INT_CONVERSION = YES;
				CLANG_WARN_NON_LITERAL_NULL_CONVERSION = YES;
				CLANG_WARN_OBJC_IMPLICIT_RETAIN_SELF = YES;
				CLANG_WARN_OBJC_LITERAL_CONVERSION = YES;
				CLANG_WARN_OBJC_ROOT_CLASS = YES_ERROR;
				CLANG_WARN_QUOTED_INCLUDE_IN_FRAMEWORK_HEADER = YES;
				CLANG_WARN_RANGE_LOOP_ANALYSIS = YES;
				CLANG_WARN_STRICT_PROTOTYPES = YES;
				CLANG_WARN_SUSPICIOUS_MOVE = YES;
				CLANG_WARN_UNGUARDED_AVAILABILITY = YES_AGGRESSIVE;
				CLANG_WARN_UNREACHABLE_CODE = YES;
				CLANG_WARN__DUPLICATE_METHOD_MATCH = YES;
				COPY_PHASE_STRIP = NO;
				DEBUG_INFORMATION_FORMAT = "dwarf-with-dsym";
				ENABLE_NS_ASSERTIONS = NO;
				ENABLE_STRICT_OBJC_MSGSEND = YES;
				GCC_C_LANGUAGE_STANDARD = gnu11;
				GCC_NO_COMMON_BLOCKS = YES;
				GCC_WARN_64_TO_32_BIT_CONVERSION = YES;
				GCC_WARN_ABOUT_RETURN_TYPE = YES_ERROR;
				GCC_WARN_UNDECLARED_SELECTOR = YES;
				GCC_WARN_UNINITIALIZED_AUTOS = YES_AGGRESSIVE;
				GCC_WARN_UNUSED_FUNCTION = YES;
				GCC_WARN_UNUSED_VARIABLE = YES;
				IPHONEOS_DEPLOYMENT_TARGET = 16.0;
				MTL_ENABLE_DEBUG_INFO = NO;
				MTL_FAST_MATH = YES;
				SDKROOT = iphoneos;
				SWIFT_COMPILATION_MODE = wholemodule;
				SWIFT_OPTIMIZATION_LEVEL = "-O";
				VALIDATE_PRODUCT = YES;
			};
			name = Release;
		};
		39F71DA1294F2C0A00F00C21 /* Debug */ = {
			isa = XCBuildConfiguration;
			buildSettings = {
				ASSETCATALOG_COMPILER_APPICON_NAME = AppIcon;
				ASSETCATALOG_COMPILER_GLOBAL_ACCENT_COLOR_NAME = AccentColor;
				CODE_SIGN_STYLE = Automatic;
				CURRENT_PROJECT_VERSION = 1;
				DEVELOPMENT_TEAM = 3A83R6647Z;
				GENERATE_INFOPLIST_FILE = YES;
				INFOPLIST_FILE = APIRequestTest/Info.plist;
				INFOPLIST_KEY_UIApplicationSupportsIndirectInputEvents = YES;
				INFOPLIST_KEY_UILaunchStoryboardName = LaunchScreen;
				INFOPLIST_KEY_UIMainStoryboardFile = Main;
				INFOPLIST_KEY_UISupportedInterfaceOrientations_iPad = "UIInterfaceOrientationPortrait UIInterfaceOrientationPortraitUpsideDown UIInterfaceOrientationLandscapeLeft UIInterfaceOrientationLandscapeRight";
				INFOPLIST_KEY_UISupportedInterfaceOrientations_iPhone = "UIInterfaceOrientationPortrait UIInterfaceOrientationLandscapeLeft UIInterfaceOrientationLandscapeRight";
				LD_RUNPATH_SEARCH_PATHS = (
					"$(inherited)",
					"@executable_path/Frameworks",
				);
				MARKETING_VERSION = 1.0;
				PRODUCT_BUNDLE_IDENTIFIER = com.joyce.tests.APIRequestTest;
				PRODUCT_NAME = "$(TARGET_NAME)";
				SWIFT_EMIT_LOC_STRINGS = YES;
				SWIFT_VERSION = 5.0;
				TARGETED_DEVICE_FAMILY = "1,2";
			};
			name = Debug;
		};
		39F71DA2294F2C0A00F00C21 /* Release */ = {
			isa = XCBuildConfiguration;
			buildSettings = {
				ASSETCATALOG_COMPILER_APPICON_NAME = AppIcon;
				ASSETCATALOG_COMPILER_GLOBAL_ACCENT_COLOR_NAME = AccentColor;
				CODE_SIGN_STYLE = Automatic;
				CURRENT_PROJECT_VERSION = 1;
				DEVELOPMENT_TEAM = 3A83R6647Z;
				GENERATE_INFOPLIST_FILE = YES;
				INFOPLIST_FILE = APIRequestTest/Info.plist;
				INFOPLIST_KEY_UIApplicationSupportsIndirectInputEvents = YES;
				INFOPLIST_KEY_UILaunchStoryboardName = LaunchScreen;
				INFOPLIST_KEY_UIMainStoryboardFile = Main;
				INFOPLIST_KEY_UISupportedInterfaceOrientations_iPad = "UIInterfaceOrientationPortrait UIInterfaceOrientationPortraitUpsideDown UIInterfaceOrientationLandscapeLeft UIInterfaceOrientationLandscapeRight";
				INFOPLIST_KEY_UISupportedInterfaceOrientations_iPhone = "UIInterfaceOrientationPortrait UIInterfaceOrientationLandscapeLeft UIInterfaceOrientationLandscapeRight";
				LD_RUNPATH_SEARCH_PATHS = (
					"$(inherited)",
					"@executable_path/Frameworks",
				);
				MARKETING_VERSION = 1.0;
				PRODUCT_BUNDLE_IDENTIFIER = com.joyce.tests.APIRequestTest;
				PRODUCT_NAME = "$(TARGET_NAME)";
				SWIFT_EMIT_LOC_STRINGS = YES;
				SWIFT_VERSION = 5.0;
				TARGETED_DEVICE_FAMILY = "1,2";
			};
			name = Release;
		};
/* End XCBuildConfiguration section */

/* Begin XCConfigurationList section */
		39F71D87294F2C0800F00C21 /* Build configuration list for PBXProject "APIRequestTest" */ = {
			isa = XCConfigurationList;
			buildConfigurations = (
				39F71D9E294F2C0A00F00C21 /* Debug */,
				39F71D9F294F2C0A00F00C21 /* Release */,
			);
			defaultConfigurationIsVisible = 0;
			defaultConfigurationName = Release;
		};
		39F71DA0294F2C0A00F00C21 /* Build configuration list for PBXNativeTarget "APIRequestTest" */ = {
			isa = XCConfigurationList;
			buildConfigurations = (
				39F71DA1294F2C0A00F00C21 /* Debug */,
				39F71DA2294F2C0A00F00C21 /* Release */,
			);
			defaultConfigurationIsVisible = 0;
			defaultConfigurationName = Release;
		};
/* End XCConfigurationList section */
	};
	rootObject = 39F71D84294F2C0800F00C21 /* Project object */;
}
